
Microsoft Visual Studio Solution File, Format Version 12.00
# Visual Studio 15
VisualStudioVersion = 15.0.28010.2036
MinimumVisualStudioVersion = 10.0.40219.1
Project("{FAE04EC0-301F-11D3-BF4B-00C04F79EFBC}") = "Google", "Google\Google.csproj", "{DE8F9A10-73D9-4B36-A6E7-6375784A4351}"
EndProject
Global
	GlobalSection(SolutionConfigurationPlatforms) = preSolution
		Debug|Any CPU = Debug|Any CPU
		Release|Any CPU = Release|Any CPU
	EndGlobalSection
	GlobalSection(ProjectConfigurationPlatforms) = postSolution
		{DE8F9A10-73D9-4B36-A6E7-6375784A4351}.Debug|Any CPU.ActiveCfg = Debug|Any CPU
		{DE8F9A10-73D9-4B36-A6E7-6375784A4351}.Debug|Any CPU.Build.0 = Debug|Any CPU
		{DE8F9A10-73D9-4B36-A6E7-6375784A4351}.Release|Any CPU.ActiveCfg = Release|Any CPU
		{DE8F9A10-73D9-4B36-A6E7-6375784A4351}.Release|Any CPU.Build.0 = Release|Any CPU
	EndGlobalSection
	GlobalSection(SolutionProperties) = preSolution
		HideSolutionNode = FALSE
	EndGlobalSection
	GlobalSection(ExtensibilityGlobals) = postSolution
		SolutionGuid = {D416E3CE-01DE-4B15-817A-17A56FE88B5A}
	EndGlobalSection
EndGlobal
