
Microsoft Visual Studio Solution File, Format Version 12.00
# Visual Studio Version 16
VisualStudioVersion = 16.0.28822.285
MinimumVisualStudioVersion = 10.0.40219.1
Project("{FAE04EC0-301F-11D3-BF4B-00C04F79EFBC}") = "Database", "Database\Database.csproj", "{8AB9A69A-F576-44ED-9548-26D32E8B703E}"
EndProject
Project("{FAE04EC0-301F-11D3-BF4B-00C04F79EFBC}") = "DatabaseTests", "DatabaseTests\DatabaseTests.csproj", "{488E3CD5-E8BB-4EBD-8287-5E8F595B1D52}"
EndProject
Global
	GlobalSection(SolutionConfigurationPlatforms) = preSolution
		Debug|Any CPU = Debug|Any CPU
		Release|Any CPU = Release|Any CPU
	EndGlobalSection
	GlobalSection(ProjectConfigurationPlatforms) = postSolution
		{8AB9A69A-F576-44ED-9548-26D32E8B703E}.Debug|Any CPU.ActiveCfg = Debug|Any CPU
		{8AB9A69A-F576-44ED-9548-26D32E8B703E}.Debug|Any CPU.Build.0 = Debug|Any CPU
		{8AB9A69A-F576-44ED-9548-26D32E8B703E}.Release|Any CPU.ActiveCfg = Release|Any CPU
		{8AB9A69A-F576-44ED-9548-26D32E8B703E}.Release|Any CPU.Build.0 = Release|Any CPU
		{488E3CD5-E8BB-4EBD-8287-5E8F595B1D52}.Debug|Any CPU.ActiveCfg = Debug|Any CPU
		{488E3CD5-E8BB-4EBD-8287-5E8F595B1D52}.Debug|Any CPU.Build.0 = Debug|Any CPU
		{488E3CD5-E8BB-4EBD-8287-5E8F595B1D52}.Release|Any CPU.ActiveCfg = Release|Any CPU
		{488E3CD5-E8BB-4EBD-8287-5E8F595B1D52}.Release|Any CPU.Build.0 = Release|Any CPU
	EndGlobalSection
	GlobalSection(SolutionProperties) = preSolution
		HideSolutionNode = FALSE
	EndGlobalSection
	GlobalSection(ExtensibilityGlobals) = postSolution
		SolutionGuid = {6D9AAB12-9C35-4793-BBAD-003E58929887}
	EndGlobalSection
EndGlobal
