
Microsoft Visual Studio Solution File, Format Version 12.00
# Visual Studio Version 16
VisualStudioVersion = 16.0.28822.285
MinimumVisualStudioVersion = 10.0.40219.1
Project("{FAE04EC0-301F-11D3-BF4B-00C04F79EFBC}") = "ClubParty", "ClubParty\ClubParty.csproj", "{816A9BF6-7584-48F9-89CE-E52756965016}"
EndProject
Project("{FAE04EC0-301F-11D3-BF4B-00C04F79EFBC}") = "TronRacers", "TronRacers\TronRacers.csproj", "{CC8A5FCE-C96A-40B6-A447-03AB39BC4A09}"
EndProject
Project("{9A19103F-16F7-4668-BE54-9A1E7A4F7556}") = "Heroes", "Heroes\Heroes.csproj", "{71A062C1-BF33-4BE3-82DB-B7CC4B62ED47}"
EndProject
Global
	GlobalSection(SolutionConfigurationPlatforms) = preSolution
		Debug|Any CPU = Debug|Any CPU
		Release|Any CPU = Release|Any CPU
	EndGlobalSection
	GlobalSection(ProjectConfigurationPlatforms) = postSolution
		{816A9BF6-7584-48F9-89CE-E52756965016}.Debug|Any CPU.ActiveCfg = Debug|Any CPU
		{816A9BF6-7584-48F9-89CE-E52756965016}.Debug|Any CPU.Build.0 = Debug|Any CPU
		{816A9BF6-7584-48F9-89CE-E52756965016}.Release|Any CPU.ActiveCfg = Release|Any CPU
		{816A9BF6-7584-48F9-89CE-E52756965016}.Release|Any CPU.Build.0 = Release|Any CPU
		{CC8A5FCE-C96A-40B6-A447-03AB39BC4A09}.Debug|Any CPU.ActiveCfg = Debug|Any CPU
		{CC8A5FCE-C96A-40B6-A447-03AB39BC4A09}.Debug|Any CPU.Build.0 = Debug|Any CPU
		{CC8A5FCE-C96A-40B6-A447-03AB39BC4A09}.Release|Any CPU.ActiveCfg = Release|Any CPU
		{CC8A5FCE-C96A-40B6-A447-03AB39BC4A09}.Release|Any CPU.Build.0 = Release|Any CPU
		{71A062C1-BF33-4BE3-82DB-B7CC4B62ED47}.Debug|Any CPU.ActiveCfg = Debug|Any CPU
		{71A062C1-BF33-4BE3-82DB-B7CC4B62ED47}.Debug|Any CPU.Build.0 = Debug|Any CPU
		{71A062C1-BF33-4BE3-82DB-B7CC4B62ED47}.Release|Any CPU.ActiveCfg = Release|Any CPU
		{71A062C1-BF33-4BE3-82DB-B7CC4B62ED47}.Release|Any CPU.Build.0 = Release|Any CPU
	EndGlobalSection
	GlobalSection(SolutionProperties) = preSolution
		HideSolutionNode = FALSE
	EndGlobalSection
	GlobalSection(ExtensibilityGlobals) = postSolution
		SolutionGuid = {D8B6583A-623B-4A09-A6CE-122C01B73635}
	EndGlobalSection
EndGlobal
