
Microsoft Visual Studio Solution File, Format Version 12.00
# Visual Studio 15
VisualStudioVersion = 15.0.28010.2036
MinimumVisualStudioVersion = 10.0.40219.1
Project("{FAE04EC0-301F-11D3-BF4B-00C04F79EFBC}") = "ProblemBox", "ProblemBox\ProblemBox.csproj", "{B587FC0A-3F86-4622-B217-69CD510E1406}"
EndProject
Project("{FAE04EC0-301F-11D3-BF4B-00C04F79EFBC}") = "AnimalFarm", "AnimalFarm\AnimalFarm.csproj", "{23C0A8A4-1F13-4278-92EF-A38244F9EA39}"
EndProject
Project("{FAE04EC0-301F-11D3-BF4B-00C04F79EFBC}") = "ShoppingSpree", "ShoppingSpree\ShoppingSpree.csproj", "{22BA9BAC-07FD-46FD-A6DD-5345ABF36EC9}"
EndProject
Project("{FAE04EC0-301F-11D3-BF4B-00C04F79EFBC}") = "PizzaCalories", "PizzaCalories\PizzaCalories.csproj", "{B109AC9B-9F0C-4CC1-BD30-E9164EEE3E51}"
EndProject
Project("{FAE04EC0-301F-11D3-BF4B-00C04F79EFBC}") = "FootballTeamGenerator", "FootballTeamGenerator\FootballTeamGenerator.csproj", "{52179C50-4312-477D-9AEC-B6B1C48A481E}"
EndProject
Global
	GlobalSection(SolutionConfigurationPlatforms) = preSolution
		Debug|Any CPU = Debug|Any CPU
		Release|Any CPU = Release|Any CPU
	EndGlobalSection
	GlobalSection(ProjectConfigurationPlatforms) = postSolution
		{B587FC0A-3F86-4622-B217-69CD510E1406}.Debug|Any CPU.ActiveCfg = Debug|Any CPU
		{B587FC0A-3F86-4622-B217-69CD510E1406}.Debug|Any CPU.Build.0 = Debug|Any CPU
		{B587FC0A-3F86-4622-B217-69CD510E1406}.Release|Any CPU.ActiveCfg = Release|Any CPU
		{B587FC0A-3F86-4622-B217-69CD510E1406}.Release|Any CPU.Build.0 = Release|Any CPU
		{23C0A8A4-1F13-4278-92EF-A38244F9EA39}.Debug|Any CPU.ActiveCfg = Debug|Any CPU
		{23C0A8A4-1F13-4278-92EF-A38244F9EA39}.Debug|Any CPU.Build.0 = Debug|Any CPU
		{23C0A8A4-1F13-4278-92EF-A38244F9EA39}.Release|Any CPU.ActiveCfg = Release|Any CPU
		{23C0A8A4-1F13-4278-92EF-A38244F9EA39}.Release|Any CPU.Build.0 = Release|Any CPU
		{22BA9BAC-07FD-46FD-A6DD-5345ABF36EC9}.Debug|Any CPU.ActiveCfg = Debug|Any CPU
		{22BA9BAC-07FD-46FD-A6DD-5345ABF36EC9}.Debug|Any CPU.Build.0 = Debug|Any CPU
		{22BA9BAC-07FD-46FD-A6DD-5345ABF36EC9}.Release|Any CPU.ActiveCfg = Release|Any CPU
		{22BA9BAC-07FD-46FD-A6DD-5345ABF36EC9}.Release|Any CPU.Build.0 = Release|Any CPU
		{B109AC9B-9F0C-4CC1-BD30-E9164EEE3E51}.Debug|Any CPU.ActiveCfg = Debug|Any CPU
		{B109AC9B-9F0C-4CC1-BD30-E9164EEE3E51}.Debug|Any CPU.Build.0 = Debug|Any CPU
		{B109AC9B-9F0C-4CC1-BD30-E9164EEE3E51}.Release|Any CPU.ActiveCfg = Release|Any CPU
		{B109AC9B-9F0C-4CC1-BD30-E9164EEE3E51}.Release|Any CPU.Build.0 = Release|Any CPU
		{52179C50-4312-477D-9AEC-B6B1C48A481E}.Debug|Any CPU.ActiveCfg = Debug|Any CPU
		{52179C50-4312-477D-9AEC-B6B1C48A481E}.Debug|Any CPU.Build.0 = Debug|Any CPU
		{52179C50-4312-477D-9AEC-B6B1C48A481E}.Release|Any CPU.ActiveCfg = Release|Any CPU
		{52179C50-4312-477D-9AEC-B6B1C48A481E}.Release|Any CPU.Build.0 = Release|Any CPU
	EndGlobalSection
	GlobalSection(SolutionProperties) = preSolution
		HideSolutionNode = FALSE
	EndGlobalSection
	GlobalSection(ExtensibilityGlobals) = postSolution
		SolutionGuid = {617006E2-22E6-44D2-9A3C-92842CB6C7AB}
	EndGlobalSection
EndGlobal
