
Microsoft Visual Studio Solution File, Format Version 12.00
# Visual Studio Version 16
VisualStudioVersion = 16.0.29123.88
MinimumVisualStudioVersion = 10.0.40219.1
Project("{9A19103F-16F7-4668-BE54-9A1E7A4F7556}") = "P01_HospitalDatabase", "P01_HospitalDatabase\P01_HospitalDatabase.csproj", "{425D13FF-E178-4DE4-872B-ADA7DFC7B943}"
EndProject
Project("{FAE04EC0-301F-11D3-BF4B-00C04F79EFBC}") = "P03_SalesDatabase", "P03_SalesDatabase\P03_SalesDatabase.csproj", "{F2F03B37-C9F0-4DE9-A2AB-5B2B259957AB}"
EndProject
Global
	GlobalSection(SolutionConfigurationPlatforms) = preSolution
		Debug|Any CPU = Debug|Any CPU
		Release|Any CPU = Release|Any CPU
	EndGlobalSection
	GlobalSection(ProjectConfigurationPlatforms) = postSolution
		{425D13FF-E178-4DE4-872B-ADA7DFC7B943}.Debug|Any CPU.ActiveCfg = Debug|Any CPU
		{425D13FF-E178-4DE4-872B-ADA7DFC7B943}.Debug|Any CPU.Build.0 = Debug|Any CPU
		{425D13FF-E178-4DE4-872B-ADA7DFC7B943}.Release|Any CPU.ActiveCfg = Release|Any CPU
		{425D13FF-E178-4DE4-872B-ADA7DFC7B943}.Release|Any CPU.Build.0 = Release|Any CPU
		{F2F03B37-C9F0-4DE9-A2AB-5B2B259957AB}.Debug|Any CPU.ActiveCfg = Debug|Any CPU
		{F2F03B37-C9F0-4DE9-A2AB-5B2B259957AB}.Debug|Any CPU.Build.0 = Debug|Any CPU
		{F2F03B37-C9F0-4DE9-A2AB-5B2B259957AB}.Release|Any CPU.ActiveCfg = Release|Any CPU
		{F2F03B37-C9F0-4DE9-A2AB-5B2B259957AB}.Release|Any CPU.Build.0 = Release|Any CPU
	EndGlobalSection
	GlobalSection(SolutionProperties) = preSolution
		HideSolutionNode = FALSE
	EndGlobalSection
	GlobalSection(ExtensibilityGlobals) = postSolution
		SolutionGuid = {9A791E75-A450-4B2C-9BD7-9265B3DFC89E}
	EndGlobalSection
EndGlobal
