
Microsoft Visual Studio Solution File, Format Version 12.00
# Visual Studio Version 16
VisualStudioVersion = 16.0.28729.10
MinimumVisualStudioVersion = 10.0.40219.1
Project("{9A19103F-16F7-4668-BE54-9A1E7A4F7556}") = "MatrixOfPalindromes", "MatrixOfPalindromes\MatrixOfPalindromes.csproj", "{B193B780-553C-4A93-81D9-2A14B69D030F}"
EndProject
Project("{9A19103F-16F7-4668-BE54-9A1E7A4F7556}") = "DiagonalDiff", "DiagonalDiff\DiagonalDiff.csproj", "{C97C5AB4-8FDF-4783-B339-BF1B6B9988EA}"
EndProject
Project("{9A19103F-16F7-4668-BE54-9A1E7A4F7556}") = "SquaresInMatrix", "SquaresInMatrix\SquaresInMatrix.csproj", "{63D223EA-9B01-455A-9ED1-BB4A16623A44}"
EndProject
Project("{9A19103F-16F7-4668-BE54-9A1E7A4F7556}") = "MaximalSum", "MaximalSum\MaximalSum.csproj", "{7723ACBC-4415-4552-B016-25DD35C78BEC}"
EndProject
Project("{9A19103F-16F7-4668-BE54-9A1E7A4F7556}") = "RubiksMatrix", "RubiksMatrix\RubiksMatrix.csproj", "{0F7651B3-A861-4EA3-925A-EC5641395A5C}"
EndProject
Project("{FAE04EC0-301F-11D3-BF4B-00C04F79EFBC}") = "TargetPractice", "TargetPractice\TargetPractice.csproj", "{C932E1A8-E391-4554-A0D4-C3CD74D75037}"
EndProject
Global
	GlobalSection(SolutionConfigurationPlatforms) = preSolution
		Debug|Any CPU = Debug|Any CPU
		Release|Any CPU = Release|Any CPU
	EndGlobalSection
	GlobalSection(ProjectConfigurationPlatforms) = postSolution
		{B193B780-553C-4A93-81D9-2A14B69D030F}.Debug|Any CPU.ActiveCfg = Debug|Any CPU
		{B193B780-553C-4A93-81D9-2A14B69D030F}.Debug|Any CPU.Build.0 = Debug|Any CPU
		{B193B780-553C-4A93-81D9-2A14B69D030F}.Release|Any CPU.ActiveCfg = Release|Any CPU
		{B193B780-553C-4A93-81D9-2A14B69D030F}.Release|Any CPU.Build.0 = Release|Any CPU
		{C97C5AB4-8FDF-4783-B339-BF1B6B9988EA}.Debug|Any CPU.ActiveCfg = Debug|Any CPU
		{C97C5AB4-8FDF-4783-B339-BF1B6B9988EA}.Debug|Any CPU.Build.0 = Debug|Any CPU
		{C97C5AB4-8FDF-4783-B339-BF1B6B9988EA}.Release|Any CPU.ActiveCfg = Release|Any CPU
		{C97C5AB4-8FDF-4783-B339-BF1B6B9988EA}.Release|Any CPU.Build.0 = Release|Any CPU
		{63D223EA-9B01-455A-9ED1-BB4A16623A44}.Debug|Any CPU.ActiveCfg = Debug|Any CPU
		{63D223EA-9B01-455A-9ED1-BB4A16623A44}.Debug|Any CPU.Build.0 = Debug|Any CPU
		{63D223EA-9B01-455A-9ED1-BB4A16623A44}.Release|Any CPU.ActiveCfg = Release|Any CPU
		{63D223EA-9B01-455A-9ED1-BB4A16623A44}.Release|Any CPU.Build.0 = Release|Any CPU
		{7723ACBC-4415-4552-B016-25DD35C78BEC}.Debug|Any CPU.ActiveCfg = Debug|Any CPU
		{7723ACBC-4415-4552-B016-25DD35C78BEC}.Debug|Any CPU.Build.0 = Debug|Any CPU
		{7723ACBC-4415-4552-B016-25DD35C78BEC}.Release|Any CPU.ActiveCfg = Release|Any CPU
		{7723ACBC-4415-4552-B016-25DD35C78BEC}.Release|Any CPU.Build.0 = Release|Any CPU
		{0F7651B3-A861-4EA3-925A-EC5641395A5C}.Debug|Any CPU.ActiveCfg = Debug|Any CPU
		{0F7651B3-A861-4EA3-925A-EC5641395A5C}.Debug|Any CPU.Build.0 = Debug|Any CPU
		{0F7651B3-A861-4EA3-925A-EC5641395A5C}.Release|Any CPU.ActiveCfg = Release|Any CPU
		{0F7651B3-A861-4EA3-925A-EC5641395A5C}.Release|Any CPU.Build.0 = Release|Any CPU
		{C932E1A8-E391-4554-A0D4-C3CD74D75037}.Debug|Any CPU.ActiveCfg = Debug|Any CPU
		{C932E1A8-E391-4554-A0D4-C3CD74D75037}.Debug|Any CPU.Build.0 = Debug|Any CPU
		{C932E1A8-E391-4554-A0D4-C3CD74D75037}.Release|Any CPU.ActiveCfg = Release|Any CPU
		{C932E1A8-E391-4554-A0D4-C3CD74D75037}.Release|Any CPU.Build.0 = Release|Any CPU
	EndGlobalSection
	GlobalSection(SolutionProperties) = preSolution
		HideSolutionNode = FALSE
	EndGlobalSection
	GlobalSection(ExtensibilityGlobals) = postSolution
		SolutionGuid = {DD2DC2BD-4F96-4714-AF22-6158FA22B1AF}
	EndGlobalSection
EndGlobal
