
Microsoft Visual Studio Solution File, Format Version 12.00
# Visual Studio Version 16
VisualStudioVersion = 16.0.29306.81
MinimumVisualStudioVersion = 10.0.40219.1
Project("{FAE04EC0-301F-11D3-BF4B-00C04F79EFBC}") = "P01_StudentSystem", "P01_StudentSystem\P01_StudentSystem.csproj", "{D528AAAC-252F-4ABB-B84A-561DDD5A49C1}"
EndProject
Global
	GlobalSection(SolutionConfigurationPlatforms) = preSolution
		Debug|Any CPU = Debug|Any CPU
		Release|Any CPU = Release|Any CPU
	EndGlobalSection
	GlobalSection(ProjectConfigurationPlatforms) = postSolution
		{D528AAAC-252F-4ABB-B84A-561DDD5A49C1}.Debug|Any CPU.ActiveCfg = Debug|Any CPU
		{D528AAAC-252F-4ABB-B84A-561DDD5A49C1}.Debug|Any CPU.Build.0 = Debug|Any CPU
		{D528AAAC-252F-4ABB-B84A-561DDD5A49C1}.Release|Any CPU.ActiveCfg = Release|Any CPU
		{D528AAAC-252F-4ABB-B84A-561DDD5A49C1}.Release|Any CPU.Build.0 = Release|Any CPU
	EndGlobalSection
	GlobalSection(SolutionProperties) = preSolution
		HideSolutionNode = FALSE
	EndGlobalSection
	GlobalSection(ExtensibilityGlobals) = postSolution
		SolutionGuid = {326D9AF3-0831-4A17-A8B8-5AFCA66E14D9}
	EndGlobalSection
EndGlobal
