
Microsoft Visual Studio Solution File, Format Version 12.00
# Visual Studio Version 16
VisualStudioVersion = 16.0.28822.285
MinimumVisualStudioVersion = 10.0.40219.1
Project("{9A19103F-16F7-4668-BE54-9A1E7A4F7556}") = "GenericBox", "GenericBox\GenericBox.csproj", "{A9ACF982-6609-47BD-BE33-D5BCADBAC40A}"
EndProject
Project("{9A19103F-16F7-4668-BE54-9A1E7A4F7556}") = "CustomTupleProject", "CustomTupleProject\CustomTupleProject.csproj", "{92DAC6D8-2DCA-4E04-B811-FD584F0E2B28}"
EndProject
Project("{FAE04EC0-301F-11D3-BF4B-00C04F79EFBC}") = "ThreeupleProject", "ThreeupleProject\ThreeupleProject.csproj", "{909B4846-F785-446C-8FA9-17C2E3230AB9}"
EndProject
Global
	GlobalSection(SolutionConfigurationPlatforms) = preSolution
		Debug|Any CPU = Debug|Any CPU
		Release|Any CPU = Release|Any CPU
	EndGlobalSection
	GlobalSection(ProjectConfigurationPlatforms) = postSolution
		{A9ACF982-6609-47BD-BE33-D5BCADBAC40A}.Debug|Any CPU.ActiveCfg = Debug|Any CPU
		{A9ACF982-6609-47BD-BE33-D5BCADBAC40A}.Debug|Any CPU.Build.0 = Debug|Any CPU
		{A9ACF982-6609-47BD-BE33-D5BCADBAC40A}.Release|Any CPU.ActiveCfg = Release|Any CPU
		{A9ACF982-6609-47BD-BE33-D5BCADBAC40A}.Release|Any CPU.Build.0 = Release|Any CPU
		{92DAC6D8-2DCA-4E04-B811-FD584F0E2B28}.Debug|Any CPU.ActiveCfg = Debug|Any CPU
		{92DAC6D8-2DCA-4E04-B811-FD584F0E2B28}.Debug|Any CPU.Build.0 = Debug|Any CPU
		{92DAC6D8-2DCA-4E04-B811-FD584F0E2B28}.Release|Any CPU.ActiveCfg = Release|Any CPU
		{92DAC6D8-2DCA-4E04-B811-FD584F0E2B28}.Release|Any CPU.Build.0 = Release|Any CPU
		{909B4846-F785-446C-8FA9-17C2E3230AB9}.Debug|Any CPU.ActiveCfg = Debug|Any CPU
		{909B4846-F785-446C-8FA9-17C2E3230AB9}.Debug|Any CPU.Build.0 = Debug|Any CPU
		{909B4846-F785-446C-8FA9-17C2E3230AB9}.Release|Any CPU.ActiveCfg = Release|Any CPU
		{909B4846-F785-446C-8FA9-17C2E3230AB9}.Release|Any CPU.Build.0 = Release|Any CPU
	EndGlobalSection
	GlobalSection(SolutionProperties) = preSolution
		HideSolutionNode = FALSE
	EndGlobalSection
	GlobalSection(ExtensibilityGlobals) = postSolution
		SolutionGuid = {2C0C01A7-52AF-48D8-8C69-EB0673C20D51}
	EndGlobalSection
EndGlobal
